
Microsoft Visual Studio Solution File, Format Version 12.00
# Visual Studio Version 17
VisualStudioVersion = 17.0.31903.59
MinimumVisualStudioVersion = 10.0.40219.1
Project("{FAE04EC0-301F-11D3-BF4B-00C04F79EFBC}") = "ExternalApiRateLimiter", "ExternalApiRateLimiter\ExternalApiRateLimiter.csproj", "{7870AD5D-0EBE-412E-BCFA-8FF28B68FF52}"
EndProject
Global
	GlobalSection(SolutionConfigurationPlatforms) = preSolution
		Debug|Any CPU = Debug|Any CPU
		Release|Any CPU = Release|Any CPU
	EndGlobalSection
	GlobalSection(SolutionProperties) = preSolution
		HideSolutionNode = FALSE
	EndGlobalSection
	GlobalSection(ProjectConfigurationPlatforms) = postSolution
		{7870AD5D-0EBE-412E-BCFA-8FF28B68FF52}.Debug|Any CPU.ActiveCfg = Debug|Any CPU
		{7870AD5D-0EBE-412E-BCFA-8FF28B68FF52}.Debug|Any CPU.Build.0 = Debug|Any CPU
		{7870AD5D-0EBE-412E-BCFA-8FF28B68FF52}.Release|Any CPU.ActiveCfg = Release|Any CPU
		{7870AD5D-0EBE-412E-BCFA-8FF28B68FF52}.Release|Any CPU.Build.0 = Release|Any CPU
	EndGlobalSection
EndGlobal
